
Microsoft Visual Studio Solution File, Format Version 12.00
# Visual Studio Version 16
VisualStudioVersion = 16.0.30804.86
MinimumVisualStudioVersion = 10.0.40219.1
Project("{FAE04EC0-301F-11D3-BF4B-00C04F79EFBC}") = "ConsoleApp1", "ConsoleApp1\ConsoleApp1.csproj", "{A0B57E91-60E6-4618-9FCB-FC690FA2A6DB}"
EndProject
Global
	GlobalSection(SolutionConfigurationPlatforms) = preSolution
		Debug|Any CPU = Debug|Any CPU
		Release|Any CPU = Release|Any CPU
	EndGlobalSection
	GlobalSection(ProjectConfigurationPlatforms) = postSolution
		{A0B57E91-60E6-4618-9FCB-FC690FA2A6DB}.Debug|Any CPU.ActiveCfg = Debug|Any CPU
		{A0B57E91-60E6-4618-9FCB-FC690FA2A6DB}.Debug|Any CPU.Build.0 = Debug|Any CPU
		{A0B57E91-60E6-4618-9FCB-FC690FA2A6DB}.Release|Any CPU.ActiveCfg = Release|Any CPU
		{A0B57E91-60E6-4618-9FCB-FC690FA2A6DB}.Release|Any CPU.Build.0 = Release|Any CPU
	EndGlobalSection
	GlobalSection(SolutionProperties) = preSolution
		HideSolutionNode = FALSE
	EndGlobalSection
	GlobalSection(ExtensibilityGlobals) = postSolution
		SolutionGuid = {FEF520BF-F2A8-4DAA-A8D7-E66B5C6B60E6}
	EndGlobalSection
EndGlobal
